
Microsoft Visual Studio Solution File, Format Version 12.00
# Visual Studio Version 17
VisualStudioVersion = 17.6.33829.357
MinimumVisualStudioVersion = 10.0.40219.1
Project("{9A19103F-16F7-4668-BE54-9A1E7A4F7556}") = "SnappFood.Core", "src\SnappFood.Core\SnappFood.Core.csproj", "{A48AC9F1-2701-4881-944E-78D5AE9D6761}"
EndProject
Project("{9A19103F-16F7-4668-BE54-9A1E7A4F7556}") = "SnappFood.API", "src\SnappFood.API\SnappFood.API.csproj", "{747A98C7-DF8C-40F3-8078-95DA94E9B236}"
EndProject
Project("{9A19103F-16F7-4668-BE54-9A1E7A4F7556}") = "SnappFood.Infrastructure", "src\SnappFood.Infrastructure\SnappFood.Infrastructure.csproj", "{F828E9DB-3252-4D2F-81DA-BAA853B3F539}"
EndProject
Project("{2150E333-8FDC-42A3-9474-1A3956D46DE8}") = "test", "test", "{4670EE31-085D-4496-AEF9-6806E5706A59}"
EndProject
Project("{9A19103F-16F7-4668-BE54-9A1E7A4F7556}") = "SnappFood.Test", "test\SnappFood.Test\SnappFood.Test.csproj", "{FFFEAA3F-4C3F-498D-8C64-B2CA3FCD447B}"
EndProject
Project("{FAE04EC0-301F-11D3-BF4B-00C04F79EFBC}") = "SnappFood.Service", "src\SnappFood.Service\SnappFood.Service.csproj", "{5DF7F076-5868-43FE-A3CA-C0B5DAE7FADE}"
EndProject
Project("{FAE04EC0-301F-11D3-BF4B-00C04F79EFBC}") = "SnappFood.Model", "src\SnappFood.Model\SnappFood.Model.csproj", "{6BA63906-886D-4D31-8D16-BC5FF08A30B5}"
EndProject
Global
	GlobalSection(SolutionConfigurationPlatforms) = preSolution
		Debug|Any CPU = Debug|Any CPU
		Release|Any CPU = Release|Any CPU
	EndGlobalSection
	GlobalSection(ProjectConfigurationPlatforms) = postSolution
		{A48AC9F1-2701-4881-944E-78D5AE9D6761}.Debug|Any CPU.ActiveCfg = Debug|Any CPU
		{A48AC9F1-2701-4881-944E-78D5AE9D6761}.Debug|Any CPU.Build.0 = Debug|Any CPU
		{A48AC9F1-2701-4881-944E-78D5AE9D6761}.Release|Any CPU.ActiveCfg = Release|Any CPU
		{A48AC9F1-2701-4881-944E-78D5AE9D6761}.Release|Any CPU.Build.0 = Release|Any CPU
		{747A98C7-DF8C-40F3-8078-95DA94E9B236}.Debug|Any CPU.ActiveCfg = Debug|Any CPU
		{747A98C7-DF8C-40F3-8078-95DA94E9B236}.Debug|Any CPU.Build.0 = Debug|Any CPU
		{747A98C7-DF8C-40F3-8078-95DA94E9B236}.Release|Any CPU.ActiveCfg = Release|Any CPU
		{747A98C7-DF8C-40F3-8078-95DA94E9B236}.Release|Any CPU.Build.0 = Release|Any CPU
		{F828E9DB-3252-4D2F-81DA-BAA853B3F539}.Debug|Any CPU.ActiveCfg = Debug|Any CPU
		{F828E9DB-3252-4D2F-81DA-BAA853B3F539}.Debug|Any CPU.Build.0 = Debug|Any CPU
		{F828E9DB-3252-4D2F-81DA-BAA853B3F539}.Release|Any CPU.ActiveCfg = Release|Any CPU
		{F828E9DB-3252-4D2F-81DA-BAA853B3F539}.Release|Any CPU.Build.0 = Release|Any CPU
		{FFFEAA3F-4C3F-498D-8C64-B2CA3FCD447B}.Debug|Any CPU.ActiveCfg = Debug|Any CPU
		{FFFEAA3F-4C3F-498D-8C64-B2CA3FCD447B}.Debug|Any CPU.Build.0 = Debug|Any CPU
		{FFFEAA3F-4C3F-498D-8C64-B2CA3FCD447B}.Release|Any CPU.ActiveCfg = Release|Any CPU
		{FFFEAA3F-4C3F-498D-8C64-B2CA3FCD447B}.Release|Any CPU.Build.0 = Release|Any CPU
		{5DF7F076-5868-43FE-A3CA-C0B5DAE7FADE}.Debug|Any CPU.ActiveCfg = Debug|Any CPU
		{5DF7F076-5868-43FE-A3CA-C0B5DAE7FADE}.Debug|Any CPU.Build.0 = Debug|Any CPU
		{5DF7F076-5868-43FE-A3CA-C0B5DAE7FADE}.Release|Any CPU.ActiveCfg = Release|Any CPU
		{5DF7F076-5868-43FE-A3CA-C0B5DAE7FADE}.Release|Any CPU.Build.0 = Release|Any CPU
		{6BA63906-886D-4D31-8D16-BC5FF08A30B5}.Debug|Any CPU.ActiveCfg = Debug|Any CPU
		{6BA63906-886D-4D31-8D16-BC5FF08A30B5}.Debug|Any CPU.Build.0 = Debug|Any CPU
		{6BA63906-886D-4D31-8D16-BC5FF08A30B5}.Release|Any CPU.ActiveCfg = Release|Any CPU
		{6BA63906-886D-4D31-8D16-BC5FF08A30B5}.Release|Any CPU.Build.0 = Release|Any CPU
	EndGlobalSection
	GlobalSection(SolutionProperties) = preSolution
		HideSolutionNode = FALSE
	EndGlobalSection
	GlobalSection(NestedProjects) = preSolution
		{FFFEAA3F-4C3F-498D-8C64-B2CA3FCD447B} = {4670EE31-085D-4496-AEF9-6806E5706A59}
	EndGlobalSection
	GlobalSection(ExtensibilityGlobals) = postSolution
		SolutionGuid = {676CFD3B-3181-49A2-BEA1-4395B6A71CDA}
	EndGlobalSection
EndGlobal
